
Microsoft Visual Studio Solution File, Format Version 12.00
Project("{FAE04EC0-301F-11D3-BF4B-00C04F79EFBC}") = "Jellyfin.Plugin.MinioBackup", "Jellyfin.Plugin.MinioBackup.csproj", "{CFCD675F-1E38-4C3B-8A03-64B97EDB5A30}"
EndProject
Global
	GlobalSection(SolutionConfigurationPlatforms) = preSolution
		Debug|Any CPU = Debug|Any CPU
		Release|Any CPU = Release|Any CPU
	EndGlobalSection
	GlobalSection(ProjectConfigurationPlatforms) = postSolution
		{CFCD675F-1E38-4C3B-8A03-64B97EDB5A30}.Debug|Any CPU.ActiveCfg = Debug|Any CPU
		{CFCD675F-1E38-4C3B-8A03-64B97EDB5A30}.Debug|Any CPU.Build.0 = Debug|Any CPU
		{CFCD675F-1E38-4C3B-8A03-64B97EDB5A30}.Release|Any CPU.ActiveCfg = Release|Any CPU
		{CFCD675F-1E38-4C3B-8A03-64B97EDB5A30}.Release|Any CPU.Build.0 = Release|Any CPU
	EndGlobalSection
EndGlobal
